
Microsoft Visual Studio Solution File, Format Version 11.00
# Visual Studio 2010
Project("{FAE04EC0-301F-11D3-BF4B-00C04F79EFBC}") = "p.e", "Assembly-CSharp.csproj", "{3ABBE90F-43B6-4E45-85C5-EA746EBAE506}"
EndProject
Project("{FAE04EC0-301F-11D3-BF4B-00C04F79EFBC}") = "p.e", "Assembly-CSharp-Editor.csproj", "{5550BDC2-34FD-EC00-5385-E6BCA0B12054}"
EndProject
Global
	GlobalSection(SolutionConfigurationPlatforms) = preSolution
		Debug|Any CPU = Debug|Any CPU
		Release|Any CPU = Release|Any CPU
	EndGlobalSection
	GlobalSection(ProjectConfigurationPlatforms) = postSolution
		{3ABBE90F-43B6-4E45-85C5-EA746EBAE506}.Debug|Any CPU.ActiveCfg = Debug|Any CPU
		{3ABBE90F-43B6-4E45-85C5-EA746EBAE506}.Debug|Any CPU.Build.0 = Debug|Any CPU
		{3ABBE90F-43B6-4E45-85C5-EA746EBAE506}.Release|Any CPU.ActiveCfg = Release|Any CPU
		{3ABBE90F-43B6-4E45-85C5-EA746EBAE506}.Release|Any CPU.Build.0 = Release|Any CPU
		{5550BDC2-34FD-EC00-5385-E6BCA0B12054}.Debug|Any CPU.ActiveCfg = Debug|Any CPU
		{5550BDC2-34FD-EC00-5385-E6BCA0B12054}.Debug|Any CPU.Build.0 = Debug|Any CPU
		{5550BDC2-34FD-EC00-5385-E6BCA0B12054}.Release|Any CPU.ActiveCfg = Release|Any CPU
		{5550BDC2-34FD-EC00-5385-E6BCA0B12054}.Release|Any CPU.Build.0 = Release|Any CPU
	EndGlobalSection
	GlobalSection(SolutionProperties) = preSolution
		HideSolutionNode = FALSE
	EndGlobalSection
	GlobalSection(MonoDevelopProperties) = preSolution
		StartupItem = Assembly-CSharp.csproj
	EndGlobalSection
EndGlobal
